
Microsoft Visual Studio Solution File, Format Version 12.00
# Visual Studio Version 17
VisualStudioVersion = 17.13.35931.197
MinimumVisualStudioVersion = 10.0.40219.1
Project("{FAE04EC0-301F-11D3-BF4B-00C04F79EFBC}") = "MusicPlayer.UIComponents", "WpfApp3\MusicPlayer.UIComponents.csproj", "{C410D6A8-8837-4744-8053-5C67A29F332C}"
EndProject
Project("{FAE04EC0-301F-11D3-BF4B-00C04F79EFBC}") = "MusicPlayer.Data", "MusicPlayer.Data\MusicPlayer.Data.csproj", "{27C4725B-B6BF-4384-AD17-DC9612393306}"
EndProject
Project("{FAE04EC0-301F-11D3-BF4B-00C04F79EFBC}") = "MusicPlayer.Utility", "MusicPlayer.Utility\MusicPlayer.Utility.csproj", "{632538D9-B1AB-4F69-83AF-1AE37933BB18}"
EndProject
Global
	GlobalSection(SolutionConfigurationPlatforms) = preSolution
		Debug|Any CPU = Debug|Any CPU
		Release|Any CPU = Release|Any CPU
	EndGlobalSection
	GlobalSection(ProjectConfigurationPlatforms) = postSolution
		{C410D6A8-8837-4744-8053-5C67A29F332C}.Debug|Any CPU.ActiveCfg = Debug|Any CPU
		{C410D6A8-8837-4744-8053-5C67A29F332C}.Debug|Any CPU.Build.0 = Debug|Any CPU
		{C410D6A8-8837-4744-8053-5C67A29F332C}.Release|Any CPU.ActiveCfg = Release|Any CPU
		{C410D6A8-8837-4744-8053-5C67A29F332C}.Release|Any CPU.Build.0 = Release|Any CPU
		{27C4725B-B6BF-4384-AD17-DC9612393306}.Debug|Any CPU.ActiveCfg = Debug|Any CPU
		{27C4725B-B6BF-4384-AD17-DC9612393306}.Debug|Any CPU.Build.0 = Debug|Any CPU
		{27C4725B-B6BF-4384-AD17-DC9612393306}.Release|Any CPU.ActiveCfg = Release|Any CPU
		{27C4725B-B6BF-4384-AD17-DC9612393306}.Release|Any CPU.Build.0 = Release|Any CPU
		{632538D9-B1AB-4F69-83AF-1AE37933BB18}.Debug|Any CPU.ActiveCfg = Debug|Any CPU
		{632538D9-B1AB-4F69-83AF-1AE37933BB18}.Debug|Any CPU.Build.0 = Debug|Any CPU
		{632538D9-B1AB-4F69-83AF-1AE37933BB18}.Release|Any CPU.ActiveCfg = Release|Any CPU
		{632538D9-B1AB-4F69-83AF-1AE37933BB18}.Release|Any CPU.Build.0 = Release|Any CPU
	EndGlobalSection
	GlobalSection(SolutionProperties) = preSolution
		HideSolutionNode = FALSE
	EndGlobalSection
	GlobalSection(ExtensibilityGlobals) = postSolution
		SolutionGuid = {9E84EA33-8CB4-45E7-A654-8260AB712C2C}
	EndGlobalSection
EndGlobal
